{
  "name": "hero-pet",
  "version": "1.0.0",
  "lockfileVersion": 1,
  "requires": true,
  "dependencies": {
    "htm": {
      "version": "2.1.1",
      "resolved": "https://registry.npmjs.org/htm/-/htm-2.1.1.tgz",
      "integrity": "sha512-jgvB9nvlOE5xpI1W+juW8DPCe+Pn7mRDNaE4EOQNFqROm0O3l5deOvefK8C8hUaL1OHIX45mDEBSj7BMt+22VQ==",
      "dev": true
    },
    "preact": {
      "version": "10.0.0-beta.3",
      "resolved": "https://registry.npmjs.org/preact/-/preact-10.0.0-beta.3.tgz",
      "integrity": "sha512-JDeA+CVFBlv+r+v/tScG8hzOcOedXfBLUA5IhStqpfc7rPGY3T85pdlu4aGo2tV0AoZzQfO4LTnKkQEnKJ3UxQ==",
      "dev": true
    },
    "preact-hook-htm": {
      "version": "0.7.0-beta",
      "resolved": "https://registry.npmjs.org/preact-hook-htm/-/preact-hook-htm-0.7.0-beta.tgz",
      "integrity": "sha512-sLDB3o/sKNaFA10AQZHOBfJnvF84MTirSPwgoyathIXLxs/0FHeg89CyZpSde6203WQcxdqDR7wnwxWu/iyh1g==",
      "dev": true,
      "requires": {
        "htm": "^2.1.1",
        "preact": "^10.0.0-beta.3"
      }
    }
  }
}
